
Microsoft Visual Studio Solution File, Format Version 12.00
# Visual Studio Version 17
VisualStudioVersion = 17.13.35825.156 d17.13
MinimumVisualStudioVersion = 10.0.40219.1
Project("{FAE04EC0-301F-11D3-BF4B-00C04F79EFBC}") = "CryptoWallet", "CryptoWallet\CryptoWallet.csproj", "{A6412286-74C8-4618-B978-218076075097}"
EndProject
Project("{FAE04EC0-301F-11D3-BF4B-00C04F79EFBC}") = "CryptoWallet.BusinessLogic", "CryptoWallet.BusinessLogic\CryptoWallet.BusinessLogic.csproj", "{87A19B96-688D-439C-B509-4B43EE05CBE0}"
EndProject
Project("{FAE04EC0-301F-11D3-BF4B-00C04F79EFBC}") = "CryptoWallet.Domain", "CryptoWallet.Domain\CryptoWallet.Domain.csproj", "{8922F665-A312-4733-BDC2-584D122F8556}"
EndProject
Project("{FAE04EC0-301F-11D3-BF4B-00C04F79EFBC}") = "CryptoWallet.Helpers", "CryptoWallet.Helpers\CryptoWallet.Helpers.csproj", "{1EFF2D28-EA1E-4D0D-82C9-6051B3EF4E6B}"
EndProject
Global
	GlobalSection(SolutionConfigurationPlatforms) = preSolution
		Debug|Any CPU = Debug|Any CPU
		Release|Any CPU = Release|Any CPU
	EndGlobalSection
	GlobalSection(ProjectConfigurationPlatforms) = postSolution
		{A6412286-74C8-4618-B978-218076075097}.Debug|Any CPU.ActiveCfg = Debug|Any CPU
		{A6412286-74C8-4618-B978-218076075097}.Debug|Any CPU.Build.0 = Debug|Any CPU
		{A6412286-74C8-4618-B978-218076075097}.Release|Any CPU.ActiveCfg = Release|Any CPU
		{A6412286-74C8-4618-B978-218076075097}.Release|Any CPU.Build.0 = Release|Any CPU
		{87A19B96-688D-439C-B509-4B43EE05CBE0}.Debug|Any CPU.ActiveCfg = Debug|Any CPU
		{87A19B96-688D-439C-B509-4B43EE05CBE0}.Debug|Any CPU.Build.0 = Debug|Any CPU
		{87A19B96-688D-439C-B509-4B43EE05CBE0}.Release|Any CPU.ActiveCfg = Release|Any CPU
		{87A19B96-688D-439C-B509-4B43EE05CBE0}.Release|Any CPU.Build.0 = Release|Any CPU
		{8922F665-A312-4733-BDC2-584D122F8556}.Debug|Any CPU.ActiveCfg = Debug|Any CPU
		{8922F665-A312-4733-BDC2-584D122F8556}.Debug|Any CPU.Build.0 = Debug|Any CPU
		{8922F665-A312-4733-BDC2-584D122F8556}.Release|Any CPU.ActiveCfg = Release|Any CPU
		{8922F665-A312-4733-BDC2-584D122F8556}.Release|Any CPU.Build.0 = Release|Any CPU
		{1EFF2D28-EA1E-4D0D-82C9-6051B3EF4E6B}.Debug|Any CPU.ActiveCfg = Debug|Any CPU
		{1EFF2D28-EA1E-4D0D-82C9-6051B3EF4E6B}.Debug|Any CPU.Build.0 = Debug|Any CPU
		{1EFF2D28-EA1E-4D0D-82C9-6051B3EF4E6B}.Release|Any CPU.ActiveCfg = Release|Any CPU
		{1EFF2D28-EA1E-4D0D-82C9-6051B3EF4E6B}.Release|Any CPU.Build.0 = Release|Any CPU
	EndGlobalSection
	GlobalSection(SolutionProperties) = preSolution
		HideSolutionNode = FALSE
	EndGlobalSection
	GlobalSection(ExtensibilityGlobals) = postSolution
		SolutionGuid = {B5CEF190-40A0-4E8C-B1D2-8B2B94CEACC1}
	EndGlobalSection
EndGlobal
